
Microsoft Visual Studio Solution File, Format Version 12.00
# Visual Studio Version 16
VisualStudioVersion = 16.0.30011.22
MinimumVisualStudioVersion = 15.0.26124.0
Project("{9A19103F-16F7-4668-BE54-9A1E7A4F7556}") = "HealthVault.Client", "HealthVault.Client\HealthVault.Client.csproj", "{F972D38A-34C7-48F2-BCFC-8C6712650238}"
EndProject
Project("{9A19103F-16F7-4668-BE54-9A1E7A4F7556}") = "HealthVault.Model", "HealthVault.Model\HealthVault.Model.csproj", "{944466F4-8779-4623-AB3B-60AAA911D8FE}"
EndProject
Project("{9A19103F-16F7-4668-BE54-9A1E7A4F7556}") = "HealthVault.Service", "HealthVault.Service\HealthVault.Service.csproj", "{9BD020E6-C198-4F74-B9C6-B44E597A9619}"
	ProjectSection(ProjectDependencies) = postProject
		{151A6950-A77B-4957-BA61-7676B66BD35E} = {151A6950-A77B-4957-BA61-7676B66BD35E}
	EndProjectSection
EndProject
Project("{9A19103F-16F7-4668-BE54-9A1E7A4F7556}") = "HealthVault.Shared", "HealthVault.Shared\HealthVault.Shared.csproj", "{151A6950-A77B-4957-BA61-7676B66BD35E}"
EndProject
Global
	GlobalSection(SolutionConfigurationPlatforms) = preSolution
		Debug|Any CPU = Debug|Any CPU
		Debug|x64 = Debug|x64
		Debug|x86 = Debug|x86
		Release|Any CPU = Release|Any CPU
		Release|x64 = Release|x64
		Release|x86 = Release|x86
	EndGlobalSection
	GlobalSection(ProjectConfigurationPlatforms) = postSolution
		{F972D38A-34C7-48F2-BCFC-8C6712650238}.Debug|Any CPU.ActiveCfg = Debug|Any CPU
		{F972D38A-34C7-48F2-BCFC-8C6712650238}.Debug|Any CPU.Build.0 = Debug|Any CPU
		{F972D38A-34C7-48F2-BCFC-8C6712650238}.Debug|x64.ActiveCfg = Debug|Any CPU
		{F972D38A-34C7-48F2-BCFC-8C6712650238}.Debug|x64.Build.0 = Debug|Any CPU
		{F972D38A-34C7-48F2-BCFC-8C6712650238}.Debug|x86.ActiveCfg = Debug|Any CPU
		{F972D38A-34C7-48F2-BCFC-8C6712650238}.Debug|x86.Build.0 = Debug|Any CPU
		{F972D38A-34C7-48F2-BCFC-8C6712650238}.Release|Any CPU.ActiveCfg = Release|Any CPU
		{F972D38A-34C7-48F2-BCFC-8C6712650238}.Release|Any CPU.Build.0 = Release|Any CPU
		{F972D38A-34C7-48F2-BCFC-8C6712650238}.Release|x64.ActiveCfg = Release|Any CPU
		{F972D38A-34C7-48F2-BCFC-8C6712650238}.Release|x64.Build.0 = Release|Any CPU
		{F972D38A-34C7-48F2-BCFC-8C6712650238}.Release|x86.ActiveCfg = Release|Any CPU
		{F972D38A-34C7-48F2-BCFC-8C6712650238}.Release|x86.Build.0 = Release|Any CPU
		{944466F4-8779-4623-AB3B-60AAA911D8FE}.Debug|Any CPU.ActiveCfg = Debug|Any CPU
		{944466F4-8779-4623-AB3B-60AAA911D8FE}.Debug|Any CPU.Build.0 = Debug|Any CPU
		{944466F4-8779-4623-AB3B-60AAA911D8FE}.Debug|x64.ActiveCfg = Debug|Any CPU
		{944466F4-8779-4623-AB3B-60AAA911D8FE}.Debug|x64.Build.0 = Debug|Any CPU
		{944466F4-8779-4623-AB3B-60AAA911D8FE}.Debug|x86.ActiveCfg = Debug|Any CPU
		{944466F4-8779-4623-AB3B-60AAA911D8FE}.Debug|x86.Build.0 = Debug|Any CPU
		{944466F4-8779-4623-AB3B-60AAA911D8FE}.Release|Any CPU.ActiveCfg = Release|Any CPU
		{944466F4-8779-4623-AB3B-60AAA911D8FE}.Release|Any CPU.Build.0 = Release|Any CPU
		{944466F4-8779-4623-AB3B-60AAA911D8FE}.Release|x64.ActiveCfg = Release|Any CPU
		{944466F4-8779-4623-AB3B-60AAA911D8FE}.Release|x64.Build.0 = Release|Any CPU
		{944466F4-8779-4623-AB3B-60AAA911D8FE}.Release|x86.ActiveCfg = Release|Any CPU
		{944466F4-8779-4623-AB3B-60AAA911D8FE}.Release|x86.Build.0 = Release|Any CPU
		{9BD020E6-C198-4F74-B9C6-B44E597A9619}.Debug|Any CPU.ActiveCfg = Debug|Any CPU
		{9BD020E6-C198-4F74-B9C6-B44E597A9619}.Debug|Any CPU.Build.0 = Debug|Any CPU
		{9BD020E6-C198-4F74-B9C6-B44E597A9619}.Debug|x64.ActiveCfg = Debug|Any CPU
		{9BD020E6-C198-4F74-B9C6-B44E597A9619}.Debug|x64.Build.0 = Debug|Any CPU
		{9BD020E6-C198-4F74-B9C6-B44E597A9619}.Debug|x86.ActiveCfg = Debug|Any CPU
		{9BD020E6-C198-4F74-B9C6-B44E597A9619}.Debug|x86.Build.0 = Debug|Any CPU
		{9BD020E6-C198-4F74-B9C6-B44E597A9619}.Release|Any CPU.ActiveCfg = Release|Any CPU
		{9BD020E6-C198-4F74-B9C6-B44E597A9619}.Release|Any CPU.Build.0 = Release|Any CPU
		{9BD020E6-C198-4F74-B9C6-B44E597A9619}.Release|x64.ActiveCfg = Release|Any CPU
		{9BD020E6-C198-4F74-B9C6-B44E597A9619}.Release|x64.Build.0 = Release|Any CPU
		{9BD020E6-C198-4F74-B9C6-B44E597A9619}.Release|x86.ActiveCfg = Release|Any CPU
		{9BD020E6-C198-4F74-B9C6-B44E597A9619}.Release|x86.Build.0 = Release|Any CPU
		{151A6950-A77B-4957-BA61-7676B66BD35E}.Debug|Any CPU.ActiveCfg = Debug|Any CPU
		{151A6950-A77B-4957-BA61-7676B66BD35E}.Debug|Any CPU.Build.0 = Debug|Any CPU
		{151A6950-A77B-4957-BA61-7676B66BD35E}.Debug|x64.ActiveCfg = Debug|Any CPU
		{151A6950-A77B-4957-BA61-7676B66BD35E}.Debug|x64.Build.0 = Debug|Any CPU
		{151A6950-A77B-4957-BA61-7676B66BD35E}.Debug|x86.ActiveCfg = Debug|Any CPU
		{151A6950-A77B-4957-BA61-7676B66BD35E}.Debug|x86.Build.0 = Debug|Any CPU
		{151A6950-A77B-4957-BA61-7676B66BD35E}.Release|Any CPU.ActiveCfg = Release|Any CPU
		{151A6950-A77B-4957-BA61-7676B66BD35E}.Release|Any CPU.Build.0 = Release|Any CPU
		{151A6950-A77B-4957-BA61-7676B66BD35E}.Release|x64.ActiveCfg = Release|Any CPU
		{151A6950-A77B-4957-BA61-7676B66BD35E}.Release|x64.Build.0 = Release|Any CPU
		{151A6950-A77B-4957-BA61-7676B66BD35E}.Release|x86.ActiveCfg = Release|Any CPU
		{151A6950-A77B-4957-BA61-7676B66BD35E}.Release|x86.Build.0 = Release|Any CPU
	EndGlobalSection
	GlobalSection(SolutionProperties) = preSolution
		HideSolutionNode = FALSE
	EndGlobalSection
	GlobalSection(ExtensibilityGlobals) = postSolution
		SolutionGuid = {47B0C96B-2B87-4AC5-A201-B81C59B2CCC1}
	EndGlobalSection
EndGlobal
